
Microsoft Visual Studio Solution File, Format Version 12.00
# Visual Studio Version 17
VisualStudioVersion = 17.11.35208.52
MinimumVisualStudioVersion = 10.0.40219.1
Project("{FAE04EC0-301F-11D3-BF4B-00C04F79EFBC}") = "Fitness_Tracker", "Fitness_Tracker\Fitness_Tracker.csproj", "{6166239F-BF65-4254-ABCC-7478813B08E2}"
EndProject
Global
	GlobalSection(SolutionConfigurationPlatforms) = preSolution
		Debug|Any CPU = Debug|Any CPU
		Release|Any CPU = Release|Any CPU
	EndGlobalSection
	GlobalSection(ProjectConfigurationPlatforms) = postSolution
		{6166239F-BF65-4254-ABCC-7478813B08E2}.Debug|Any CPU.ActiveCfg = Debug|Any CPU
		{6166239F-BF65-4254-ABCC-7478813B08E2}.Debug|Any CPU.Build.0 = Debug|Any CPU
		{6166239F-BF65-4254-ABCC-7478813B08E2}.Release|Any CPU.ActiveCfg = Release|Any CPU
		{6166239F-BF65-4254-ABCC-7478813B08E2}.Release|Any CPU.Build.0 = Release|Any CPU
	EndGlobalSection
	GlobalSection(SolutionProperties) = preSolution
		HideSolutionNode = FALSE
	EndGlobalSection
	GlobalSection(ExtensibilityGlobals) = postSolution
		SolutionGuid = {66D960AA-2F5F-429B-829F-7BB55ED67A7E}
	EndGlobalSection
EndGlobal
